
Microsoft Visual Studio Solution File, Format Version 12.00
# Visual Studio Version 17
VisualStudioVersion = 17.6.33712.159
MinimumVisualStudioVersion = 10.0.40219.1
Project("{9A19103F-16F7-4668-BE54-9A1E7A4F7556}") = "ProDuck", "ProDuck\ProDuck.csproj", "{8B0A2A88-1929-4C24-872E-59364E1C2192}"
EndProject
Project("{E53339B2-1760-4266-BCC7-CA923CBCF16C}") = "docker-compose", "docker-compose.dcproj", "{4D31754E-9A71-424D-93C9-92627CDAC910}"
EndProject
Global
	GlobalSection(SolutionConfigurationPlatforms) = preSolution
		Debug|Any CPU = Debug|Any CPU
		Release|Any CPU = Release|Any CPU
	EndGlobalSection
	GlobalSection(ProjectConfigurationPlatforms) = postSolution
		{8B0A2A88-1929-4C24-872E-59364E1C2192}.Debug|Any CPU.ActiveCfg = Debug|Any CPU
		{8B0A2A88-1929-4C24-872E-59364E1C2192}.Debug|Any CPU.Build.0 = Debug|Any CPU
		{8B0A2A88-1929-4C24-872E-59364E1C2192}.Release|Any CPU.ActiveCfg = Release|Any CPU
		{8B0A2A88-1929-4C24-872E-59364E1C2192}.Release|Any CPU.Build.0 = Release|Any CPU
		{4D31754E-9A71-424D-93C9-92627CDAC910}.Debug|Any CPU.ActiveCfg = Debug|Any CPU
		{4D31754E-9A71-424D-93C9-92627CDAC910}.Debug|Any CPU.Build.0 = Debug|Any CPU
		{4D31754E-9A71-424D-93C9-92627CDAC910}.Release|Any CPU.ActiveCfg = Release|Any CPU
		{4D31754E-9A71-424D-93C9-92627CDAC910}.Release|Any CPU.Build.0 = Release|Any CPU
	EndGlobalSection
	GlobalSection(SolutionProperties) = preSolution
		HideSolutionNode = FALSE
	EndGlobalSection
	GlobalSection(ExtensibilityGlobals) = postSolution
		SolutionGuid = {D1B56BE0-E319-4FC2-9F8B-DC5EA16047E3}
	EndGlobalSection
EndGlobal
